{
  "name": "reno-npm",
  "version": "1.0.0",
  "lockfileVersion": 2,
  "requires": true,
  "packages": {
    "": {
      "name": "reno-npm",
      "version": "1.0.0",
      "license": "ISC",
      "dependencies": {
        "xmldoc": "^1.0.0"
      }
    },
    "node_modules/sax": {
      "version": "1.2.4",
      "resolved": "https://registry.npmjs.org/sax/-/sax-1.2.4.tgz",
      "integrity": "sha512-NqVDv9TpANUjFm0N8uM5GxL36UgKi9/atZw+x7YFnQ8ckwFGKrl4xX4yWtrey3UJm5nP1kUbnYgLopqWNSRhWw=="
    },
    "node_modules/xmldoc": {
      "version": "1.0.0",
      "resolved": "https://registry.npmjs.org/xmldoc/-/xmldoc-1.0.0.tgz",
      "integrity": "sha512-DXu4EAPwF61owpzb59GDMZRyNX3RBadj5cm6le7Gq663C4gqy93lZuLBQSTO3iA1vFB76tnbyvKgZ9Yo6hTTuw==",
      "dependencies": {
        "sax": "^1.2.1"
      }
    }
  },
  "dependencies": {
    "sax": {
      "version": "1.2.4",
      "resolved": "https://registry.npmjs.org/sax/-/sax-1.2.4.tgz",
      "integrity": "sha512-NqVDv9TpANUjFm0N8uM5GxL36UgKi9/atZw+x7YFnQ8ckwFGKrl4xX4yWtrey3UJm5nP1kUbnYgLopqWNSRhWw=="
    },
    "xmldoc": {
      "version": "1.0.0",
      "resolved": "https://registry.npmjs.org/xmldoc/-/xmldoc-1.0.0.tgz",
      "integrity": "sha512-DXu4EAPwF61owpzb59GDMZRyNX3RBadj5cm6le7Gq663C4gqy93lZuLBQSTO3iA1vFB76tnbyvKgZ9Yo6hTTuw==",
      "requires": {
        "sax": "^1.2.1"
      }
    }
  }
}
